
Microsoft Visual Studio Solution File, Format Version 12.00
# Visual Studio 15
VisualStudioVersion = 15.0.28307.1267
MinimumVisualStudioVersion = 10.0.40219.1
Project("{FAE04EC0-301F-11D3-BF4B-00C04F79EFBC}") = "ConsoleApp3", "ConsoleApp3\ConsoleApp3.csproj", "{890FC2A1-03F6-4924-B33A-1DF7F02EF5DE}"
EndProject
Global
	GlobalSection(SolutionConfigurationPlatforms) = preSolution
		Debug|Any CPU = Debug|Any CPU
		Release|Any CPU = Release|Any CPU
	EndGlobalSection
	GlobalSection(ProjectConfigurationPlatforms) = postSolution
		{890FC2A1-03F6-4924-B33A-1DF7F02EF5DE}.Debug|Any CPU.ActiveCfg = Debug|Any CPU
		{890FC2A1-03F6-4924-B33A-1DF7F02EF5DE}.Debug|Any CPU.Build.0 = Debug|Any CPU
		{890FC2A1-03F6-4924-B33A-1DF7F02EF5DE}.Release|Any CPU.ActiveCfg = Release|Any CPU
		{890FC2A1-03F6-4924-B33A-1DF7F02EF5DE}.Release|Any CPU.Build.0 = Release|Any CPU
	EndGlobalSection
	GlobalSection(SolutionProperties) = preSolution
		HideSolutionNode = FALSE
	EndGlobalSection
	GlobalSection(ExtensibilityGlobals) = postSolution
		SolutionGuid = {A7DAA8D7-BC09-4596-95AD-C4FA4DA5B96E}
	EndGlobalSection
EndGlobal
